# This file is automatically @generated by Poetry 1.8.3 and should not be changed by hand.

[[package]]
name = "osbot-utils"
version = "1.46.0"
description = "OWASP Security Bot - Utils"
optional = false
python-versions = "<4.0,>=3.7"
files = [
    {file = "osbot_utils-1.46.0-py3-none-any.whl", hash = "sha256:0836bb76763def8636c6c056df04294a6d82065e5dbae2c80ec4b7f30680b49f"},
    {file = "osbot_utils-1.46.0.tar.gz", hash = "sha256:2deb6407dacbcc8206826c05ff8d4a166bb6fc567888340a245e3c395b601b43"},
]

[metadata]
lock-version = "2.0"
python-versions = "^3.11"
content-hash = "fde2b944dae976e0e216ccc51c5a28dd5630349291b06ca46ff7e12838cd0427"
